
Microsoft Visual Studio Solution File, Format Version 12.00
# Visual Studio Version 17
VisualStudioVersion = 17.7.34202.233
MinimumVisualStudioVersion = 10.0.40219.1
Project("{FAE04EC0-301F-11D3-BF4B-00C04F79EFBC}") = "ABCTraders", "ABCTraders\ABCTraders.csproj", "{C9256BFC-E900-4FFC-94E5-7A3B7D5AFBAC}"
EndProject
Global
	GlobalSection(SolutionConfigurationPlatforms) = preSolution
		Debug|Any CPU = Debug|Any CPU
		Release|Any CPU = Release|Any CPU
	EndGlobalSection
	GlobalSection(ProjectConfigurationPlatforms) = postSolution
		{C9256BFC-E900-4FFC-94E5-7A3B7D5AFBAC}.Debug|Any CPU.ActiveCfg = Debug|Any CPU
		{C9256BFC-E900-4FFC-94E5-7A3B7D5AFBAC}.Debug|Any CPU.Build.0 = Debug|Any CPU
		{C9256BFC-E900-4FFC-94E5-7A3B7D5AFBAC}.Release|Any CPU.ActiveCfg = Release|Any CPU
		{C9256BFC-E900-4FFC-94E5-7A3B7D5AFBAC}.Release|Any CPU.Build.0 = Release|Any CPU
	EndGlobalSection
	GlobalSection(SolutionProperties) = preSolution
		HideSolutionNode = FALSE
	EndGlobalSection
	GlobalSection(ExtensibilityGlobals) = postSolution
		SolutionGuid = {2F3E3C78-F18A-43AD-9CF4-2B05DF5437B9}
	EndGlobalSection
EndGlobal
